
Microsoft Visual Studio Solution File, Format Version 12.00
# Visual Studio Version 17
VisualStudioVersion = 17.10.34928.147
MinimumVisualStudioVersion = 10.0.40219.1
Project("{FAE04EC0-301F-11D3-BF4B-00C04F79EFBC}") = "CarRental-Project", "CarRental-Project\CarRental-Project.csproj", "{F6C1EE98-2275-4D6B-A752-BC766141D52C}"
EndProject
Global
	GlobalSection(SolutionConfigurationPlatforms) = preSolution
		Debug|Any CPU = Debug|Any CPU
		Release|Any CPU = Release|Any CPU
	EndGlobalSection
	GlobalSection(ProjectConfigurationPlatforms) = postSolution
		{F6C1EE98-2275-4D6B-A752-BC766141D52C}.Debug|Any CPU.ActiveCfg = Debug|Any CPU
		{F6C1EE98-2275-4D6B-A752-BC766141D52C}.Debug|Any CPU.Build.0 = Debug|Any CPU
		{F6C1EE98-2275-4D6B-A752-BC766141D52C}.Release|Any CPU.ActiveCfg = Release|Any CPU
		{F6C1EE98-2275-4D6B-A752-BC766141D52C}.Release|Any CPU.Build.0 = Release|Any CPU
	EndGlobalSection
	GlobalSection(SolutionProperties) = preSolution
		HideSolutionNode = FALSE
	EndGlobalSection
	GlobalSection(ExtensibilityGlobals) = postSolution
		SolutionGuid = {1C50DB39-04E4-4CFB-A5D7-9568AC32E487}
	EndGlobalSection
EndGlobal
